
Microsoft Visual Studio Solution File, Format Version 12.00
# Visual Studio Version 17
VisualStudioVersion = 17.5.33530.505
MinimumVisualStudioVersion = 10.0.40219.1
Project("{FAE04EC0-301F-11D3-BF4B-00C04F79EFBC}") = "OminiConnect", "OminiConnect\OminiConnect.csproj", "{AE4B5D15-6E31-46A5-9D8D-D0884D4A145D}"
EndProject
Global
	GlobalSection(SolutionConfigurationPlatforms) = preSolution
		Debug|Any CPU = Debug|Any CPU
		Release|Any CPU = Release|Any CPU
	EndGlobalSection
	GlobalSection(ProjectConfigurationPlatforms) = postSolution
		{AE4B5D15-6E31-46A5-9D8D-D0884D4A145D}.Debug|Any CPU.ActiveCfg = Debug|Any CPU
		{AE4B5D15-6E31-46A5-9D8D-D0884D4A145D}.Debug|Any CPU.Build.0 = Debug|Any CPU
		{AE4B5D15-6E31-46A5-9D8D-D0884D4A145D}.Release|Any CPU.ActiveCfg = Release|Any CPU
		{AE4B5D15-6E31-46A5-9D8D-D0884D4A145D}.Release|Any CPU.Build.0 = Release|Any CPU
	EndGlobalSection
	GlobalSection(SolutionProperties) = preSolution
		HideSolutionNode = FALSE
	EndGlobalSection
	GlobalSection(ExtensibilityGlobals) = postSolution
		SolutionGuid = {7A31A6D2-C1DD-4440-B68B-041969851E83}
	EndGlobalSection
EndGlobal
